
Microsoft Visual Studio Solution File, Format Version 12.00
# Visual Studio Version 16
VisualStudioVersion = 16.0.30011.22
MinimumVisualStudioVersion = 10.0.40219.1
Project("{FAE04EC0-301F-11D3-BF4B-00C04F79EFBC}") = "MoK_PT1_API", "MoK_PT1_API\MoK_PT1_API.csproj", "{0B764A57-F853-43A8-908A-739396DE799A}"
EndProject
Global
	GlobalSection(SolutionConfigurationPlatforms) = preSolution
		Debug|Any CPU = Debug|Any CPU
		Release|Any CPU = Release|Any CPU
	EndGlobalSection
	GlobalSection(ProjectConfigurationPlatforms) = postSolution
		{0B764A57-F853-43A8-908A-739396DE799A}.Debug|Any CPU.ActiveCfg = Debug|Any CPU
		{0B764A57-F853-43A8-908A-739396DE799A}.Debug|Any CPU.Build.0 = Debug|Any CPU
		{0B764A57-F853-43A8-908A-739396DE799A}.Release|Any CPU.ActiveCfg = Release|Any CPU
		{0B764A57-F853-43A8-908A-739396DE799A}.Release|Any CPU.Build.0 = Release|Any CPU
	EndGlobalSection
	GlobalSection(SolutionProperties) = preSolution
		HideSolutionNode = FALSE
	EndGlobalSection
	GlobalSection(ExtensibilityGlobals) = postSolution
		SolutionGuid = {38C26CED-BCDF-4B95-B35B-1D88C634312B}
	EndGlobalSection
EndGlobal
